// !$*UTF8*$!
{
	archiveVersion = 1;
	classes = {
	};
	objectVersion = 46;
	objects = {

/* Begin PBXBuildFile section */
		3D0EA7480AD6F65700A66EA1 /* CStackFile.h in CopyFiles */ = {isa = PBXBuildFile; fileRef = 3D0EA7460AD6F65700A66EA1 /* CStackFile.h */; };
		3D0EA7490AD6F65700A66EA1 /* CStackFile.cpp in Sources */ = {isa = PBXBuildFile; fileRef = 3D0EA7470AD6F65700A66EA1 /* CStackFile.cpp */; };
		3D0EA7E20AD6FE8100A66EA1 /* EndianStuff.h in CopyFiles */ = {isa = PBXBuildFile; fileRef = 3D0EA7E10AD6FE8100A66EA1 /* EndianStuff.h */; };
		3D0EA80D0AD7027F00A66EA1 /* picture.cpp in Sources */ = {isa = PBXBuildFile; fileRef = 3D0EA8090AD7027F00A66EA1 /* picture.cpp */; };
		3D0EA80E0AD7027F00A66EA1 /* picture.h in CopyFiles */ = {isa = PBXBuildFile; fileRef = 3D0EA80A0AD7027F00A66EA1 /* picture.h */; };
		3D0EA80F0AD7027F00A66EA1 /* woba.cpp in Sources */ = {isa = PBXBuildFile; fileRef = 3D0EA80B0AD7027F00A66EA1 /* woba.cpp */; };
		3D0EA8100AD7027F00A66EA1 /* woba.h in CopyFiles */ = {isa = PBXBuildFile; fileRef = 3D0EA80C0AD7027F00A66EA1 /* woba.h */; };
		552FEF5F113F002A005742C8 /* QuickTime.framework in Frameworks */ = {isa = PBXBuildFile; fileRef = 552FEF5E113F002A005742C8 /* QuickTime.framework */; };
		5542D08D113B159300555C64 /* Carbon.framework in Frameworks */ = {isa = PBXBuildFile; fileRef = 5542D08C113B159300555C64 /* Carbon.framework */; };
		55C68B071163C0F800D8B44C /* CBuf.cpp in Sources */ = {isa = PBXBuildFile; fileRef = 55C68B061163C0F800D8B44C /* CBuf.cpp */; };
		55C68B0D1163C18B00D8B44C /* byteutils.cpp in Sources */ = {isa = PBXBuildFile; fileRef = 55C68B0C1163C18B00D8B44C /* byteutils.cpp */; };
		55C68BF41164062A00D8B44C /* Tests.cpp in Sources */ = {isa = PBXBuildFile; fileRef = 55C68BF31164062A00D8B44C /* Tests.cpp */; };
		8DD76F650486A84900D96B5E /* main.cpp in Sources */ = {isa = PBXBuildFile; fileRef = 08FB7796FE84155DC02AAC07 /* main.cpp */; settings = {ATTRIBUTES = (); }; };
/* End PBXBuildFile section */

/* Begin PBXCopyFilesBuildPhase section */
		8DD76F690486A84900D96B5E /* CopyFiles */ = {
			isa = PBXCopyFilesBuildPhase;
			buildActionMask = 8;
			dstPath = /usr/share/man/man1/;
			dstSubfolderSpec = 0;
			files = (
				3D0EA7480AD6F65700A66EA1 /* CStackFile.h in CopyFiles */,
				3D0EA7E20AD6FE8100A66EA1 /* EndianStuff.h in CopyFiles */,
				3D0EA80E0AD7027F00A66EA1 /* picture.h in CopyFiles */,
				3D0EA8100AD7027F00A66EA1 /* woba.h in CopyFiles */,
			);
			runOnlyForDeploymentPostprocessing = 1;
		};
/* End PBXCopyFilesBuildPhase section */

/* Begin PBXFileReference section */
		08FB7796FE84155DC02AAC07 /* main.cpp */ = {isa = PBXFileReference; fileEncoding = 4; lastKnownFileType = sourcecode.cpp.cpp; path = main.cpp; sourceTree = "<group>"; };
		3D0EA7460AD6F65700A66EA1 /* CStackFile.h */ = {isa = PBXFileReference; fileEncoding = 4; lastKnownFileType = sourcecode.c.h; path = CStackFile.h; sourceTree = "<group>"; };
		3D0EA7470AD6F65700A66EA1 /* CStackFile.cpp */ = {isa = PBXFileReference; fileEncoding = 4; lastKnownFileType = sourcecode.cpp.cpp; path = CStackFile.cpp; sourceTree = "<group>"; };
		3D0EA7E10AD6FE8100A66EA1 /* EndianStuff.h */ = {isa = PBXFileReference; fileEncoding = 4; lastKnownFileType = sourcecode.c.h; path = EndianStuff.h; sourceTree = "<group>"; };
		3D0EA8090AD7027F00A66EA1 /* picture.cpp */ = {isa = PBXFileReference; fileEncoding = 30; lastKnownFileType = sourcecode.cpp.cpp; path = picture.cpp; sourceTree = "<group>"; };
		3D0EA80A0AD7027F00A66EA1 /* picture.h */ = {isa = PBXFileReference; fileEncoding = 30; lastKnownFileType = sourcecode.c.h; path = picture.h; sourceTree = "<group>"; };
		3D0EA80B0AD7027F00A66EA1 /* woba.cpp */ = {isa = PBXFileReference; fileEncoding = 30; lastKnownFileType = sourcecode.cpp.cpp; path = woba.cpp; sourceTree = "<group>"; };
		3D0EA80C0AD7027F00A66EA1 /* woba.h */ = {isa = PBXFileReference; fileEncoding = 30; lastKnownFileType = sourcecode.c.h; path = woba.h; sourceTree = "<group>"; };
		552FEF5E113F002A005742C8 /* QuickTime.framework */ = {isa = PBXFileReference; lastKnownFileType = wrapper.framework; name = QuickTime.framework; path = /System/Library/Frameworks/QuickTime.framework; sourceTree = "<absolute>"; };
		5542D08C113B159300555C64 /* Carbon.framework */ = {isa = PBXFileReference; lastKnownFileType = wrapper.framework; name = Carbon.framework; path = /System/Library/Frameworks/Carbon.framework; sourceTree = "<absolute>"; };
		55C68B051163C0F800D8B44C /* CBuf.h */ = {isa = PBXFileReference; fileEncoding = 4; lastKnownFileType = sourcecode.c.h; path = CBuf.h; sourceTree = "<group>"; };
		55C68B061163C0F800D8B44C /* CBuf.cpp */ = {isa = PBXFileReference; fileEncoding = 4; lastKnownFileType = sourcecode.cpp.cpp; path = CBuf.cpp; sourceTree = "<group>"; };
		55C68B0B1163C18B00D8B44C /* byteutils.h */ = {isa = PBXFileReference; fileEncoding = 4; lastKnownFileType = sourcecode.c.h; path = byteutils.h; sourceTree = "<group>"; };
		55C68B0C1163C18B00D8B44C /* byteutils.cpp */ = {isa = PBXFileReference; fileEncoding = 4; lastKnownFileType = sourcecode.cpp.cpp; path = byteutils.cpp; sourceTree = "<group>"; };
		55C68BF31164062A00D8B44C /* Tests.cpp */ = {isa = PBXFileReference; fileEncoding = 4; lastKnownFileType = sourcecode.cpp.cpp; path = Tests.cpp; sourceTree = "<group>"; };
		8DD76F6C0486A84900D96B5E /* stackimport */ = {isa = PBXFileReference; explicitFileType = "compiled.mach-o.executable"; includeInIndex = 0; path = stackimport; sourceTree = BUILT_PRODUCTS_DIR; };
/* End PBXFileReference section */

/* Begin PBXFrameworksBuildPhase section */
		8DD76F660486A84900D96B5E /* Frameworks */ = {
			isa = PBXFrameworksBuildPhase;
			buildActionMask = 2147483647;
			files = (
				5542D08D113B159300555C64 /* Carbon.framework in Frameworks */,
				552FEF5F113F002A005742C8 /* QuickTime.framework in Frameworks */,
			);
			runOnlyForDeploymentPostprocessing = 0;
		};
/* End PBXFrameworksBuildPhase section */

/* Begin PBXGroup section */
		08FB7794FE84155DC02AAC07 /* stackimport */ = {
			isa = PBXGroup;
			children = (
				08FB7795FE84155DC02AAC07 /* Source */,
				1AB674ADFE9D54B511CA2CBB /* Products */,
				5542D08C113B159300555C64 /* Carbon.framework */,
				552FEF5E113F002A005742C8 /* QuickTime.framework */,
			);
			name = stackimport;
			sourceTree = "<group>";
		};
		08FB7795FE84155DC02AAC07 /* Source */ = {
			isa = PBXGroup;
			children = (
				08FB7796FE84155DC02AAC07 /* main.cpp */,
				3D0EA7460AD6F65700A66EA1 /* CStackFile.h */,
				3D0EA7470AD6F65700A66EA1 /* CStackFile.cpp */,
				55C68B051163C0F800D8B44C /* CBuf.h */,
				55C68B061163C0F800D8B44C /* CBuf.cpp */,
				3D0EA7E10AD6FE8100A66EA1 /* EndianStuff.h */,
				3D0EA8160AD7028800A66EA1 /* Rebeccas Wobadecode */,
				55C68BF31164062A00D8B44C /* Tests.cpp */,
			);
			name = Source;
			sourceTree = "<group>";
		};
		1AB674ADFE9D54B511CA2CBB /* Products */ = {
			isa = PBXGroup;
			children = (
				8DD76F6C0486A84900D96B5E /* stackimport */,
			);
			name = Products;
			sourceTree = "<group>";
		};
		3D0EA8160AD7028800A66EA1 /* Rebeccas Wobadecode */ = {
			isa = PBXGroup;
			children = (
				55C68B0B1163C18B00D8B44C /* byteutils.h */,
				55C68B0C1163C18B00D8B44C /* byteutils.cpp */,
				3D0EA80A0AD7027F00A66EA1 /* picture.h */,
				3D0EA8090AD7027F00A66EA1 /* picture.cpp */,
				3D0EA80C0AD7027F00A66EA1 /* woba.h */,
				3D0EA80B0AD7027F00A66EA1 /* woba.cpp */,
			);
			name = "Rebeccas Wobadecode";
			sourceTree = "<group>";
		};
/* End PBXGroup section */

/* Begin PBXNativeTarget section */
		8DD76F620486A84900D96B5E /* stackimport */ = {
			isa = PBXNativeTarget;
			buildConfigurationList = 1DEB923108733DC60010E9CD /* Build configuration list for PBXNativeTarget "stackimport" */;
			buildPhases = (
				8DD76F640486A84900D96B5E /* Sources */,
				8DD76F660486A84900D96B5E /* Frameworks */,
				8DD76F690486A84900D96B5E /* CopyFiles */,
			);
			buildRules = (
			);
			dependencies = (
			);
			name = stackimport;
			productInstallPath = "$(HOME)/bin";
			productName = stackimport;
			productReference = 8DD76F6C0486A84900D96B5E /* stackimport */;
			productType = "com.apple.product-type.tool";
		};
/* End PBXNativeTarget section */

/* Begin PBXProject section */
		08FB7793FE84155DC02AAC07 /* Project object */ = {
			isa = PBXProject;
			attributes = {
				LastUpgradeCheck = 0430;
			};
			buildConfigurationList = 1DEB923508733DC60010E9CD /* Build configuration list for PBXProject "stackimport" */;
			compatibilityVersion = "Xcode 3.2";
			developmentRegion = English;
			hasScannedForEncodings = 1;
			knownRegions = (
				en,
			);
			mainGroup = 08FB7794FE84155DC02AAC07 /* stackimport */;
			projectDirPath = "";
			projectRoot = "";
			targets = (
				8DD76F620486A84900D96B5E /* stackimport */,
			);
		};
/* End PBXProject section */

/* Begin PBXSourcesBuildPhase section */
		8DD76F640486A84900D96B5E /* Sources */ = {
			isa = PBXSourcesBuildPhase;
			buildActionMask = 2147483647;
			files = (
				8DD76F650486A84900D96B5E /* main.cpp in Sources */,
				3D0EA7490AD6F65700A66EA1 /* CStackFile.cpp in Sources */,
				3D0EA80D0AD7027F00A66EA1 /* picture.cpp in Sources */,
				3D0EA80F0AD7027F00A66EA1 /* woba.cpp in Sources */,
				55C68B071163C0F800D8B44C /* CBuf.cpp in Sources */,
				55C68B0D1163C18B00D8B44C /* byteutils.cpp in Sources */,
				55C68BF41164062A00D8B44C /* Tests.cpp in Sources */,
			);
			runOnlyForDeploymentPostprocessing = 0;
		};
/* End PBXSourcesBuildPhase section */

/* Begin XCBuildConfiguration section */
		1DEB923208733DC60010E9CD /* Debug */ = {
			isa = XCBuildConfiguration;
			buildSettings = {
				COPY_PHASE_STRIP = NO;
				GCC_DYNAMIC_NO_PIC = NO;
				GCC_MODEL_TUNING = G5;
				GCC_OPTIMIZATION_LEVEL = 0;
				GCC_PREPROCESSOR_DEFINITIONS = "DEBUG=1";
				GCC_VERSION = com.apple.compilers.llvm.clang.1_0;
				INSTALL_PATH = "$(HOME)/bin";
				PRODUCT_NAME = stackimport;
				ZERO_LINK = YES;
			};
			name = Debug;
		};
		1DEB923308733DC60010E9CD /* Release */ = {
			isa = XCBuildConfiguration;
			buildSettings = {
				ARCHS = "$(ARCHS_STANDARD_32_BIT)";
				GCC_GENERATE_DEBUGGING_SYMBOLS = NO;
				GCC_MODEL_TUNING = G5;
				GCC_VERSION = com.apple.compilers.llvm.clang.1_0;
				INSTALL_PATH = "$(HOME)/bin";
				PRODUCT_NAME = stackimport;
			};
			name = Release;
		};
		1DEB923608733DC60010E9CD /* Debug */ = {
			isa = XCBuildConfiguration;
			buildSettings = {
				GCC_WARN_ABOUT_RETURN_TYPE = YES;
				GCC_WARN_UNUSED_VARIABLE = YES;
				SDKROOT = macosx;
			};
			name = Debug;
		};
		1DEB923708733DC60010E9CD /* Release */ = {
			isa = XCBuildConfiguration;
			buildSettings = {
				GCC_WARN_ABOUT_RETURN_TYPE = YES;
				GCC_WARN_UNUSED_VARIABLE = YES;
				SDKROOT = macosx;
			};
			name = Release;
		};
/* End XCBuildConfiguration section */

/* Begin XCConfigurationList section */
		1DEB923108733DC60010E9CD /* Build configuration list for PBXNativeTarget "stackimport" */ = {
			isa = XCConfigurationList;
			buildConfigurations = (
				1DEB923208733DC60010E9CD /* Debug */,
				1DEB923308733DC60010E9CD /* Release */,
			);
			defaultConfigurationIsVisible = 0;
			defaultConfigurationName = Release;
		};
		1DEB923508733DC60010E9CD /* Build configuration list for PBXProject "stackimport" */ = {
			isa = XCConfigurationList;
			buildConfigurations = (
				1DEB923608733DC60010E9CD /* Debug */,
				1DEB923708733DC60010E9CD /* Release */,
			);
			defaultConfigurationIsVisible = 0;
			defaultConfigurationName = Release;
		};
/* End XCConfigurationList section */
	};
	rootObject = 08FB7793FE84155DC02AAC07 /* Project object */;
}
